<Solution>
  <Folder Name="/Docs/" />
  <Folder Name="/Docs/Logs/">
    <File Path="Docs/Logs/Update History.md" />
  </Folder>
  <Folder Name="/Docs/Requirements/">
    <File Path="Docs/Requirements/Requirements.md" />
  </Folder>
  <Folder Name="/Scripts/">
    <Project Path="Scripts/PowerShell/PowerShell.pssproj" Type="f5034706-568f-408a-b7b3-4d38c6db8a32" Id="6cafc0c6-a428-4d30-a9f9-700e829fea51" />
  </Folder>
  <Folder Name="/Solution Items/">
    <File Path="README.md" />
  </Folder>
  <Folder Name="/SRC/" />
  <Folder Name="/SRC/RNG .NET 09/">
    <Project Path="SRC/RNG_N09/RNG_N09.csproj" Id="9e05a550-4f72-4cf9-b0bc-5ec1b4e7a479" />
  </Folder>
  <Folder Name="/SRC/RNG Netstandard 2.1/">
    <Project Path="SRC/RNG_NS21/RNG_NS21.csproj" Id="f410edb5-be77-4b23-9554-0972189d5cbf" />
  </Folder>
  <Folder Name="/SRC/Shared/" />
  <Folder Name="/SRC/Shared/Orias_RNG/">
    <Project Path="SRC/Shared/Orias_RNG_Class/Orias_RNG_Class.shproj" Id="ea36aba5-2b02-4d5a-b2ba-b4a70e71f910" />
  </Folder>
  <Folder Name="/Tests/">
    <Project Path="Tests/Testing_N09/Testing_N09.csproj" Id="12c59a24-5391-4edf-ab59-6d370e310b1b" />
    <Project Path="Tests/Testing_NS21/Testing_NS21.csproj" Id="e8a505b5-6eec-474d-a01d-dd9e658a725c" />
  </Folder>
</Solution>
